
Microsoft Visual Studio Solution File, Format Version 12.00
# Visual Studio Version 17
VisualStudioVersion = 17.1.32319.34
MinimumVisualStudioVersion = 10.0.40219.1
Project("{FAE04EC0-301F-11D3-BF4B-00C04F79EFBC}") = "DryiceProgram", "DryiceProgram\DryiceProgram.csproj", "{2648F20D-5E11-4D0D-82F9-95E9BCC54BBD}"
EndProject
Global
	GlobalSection(SolutionConfigurationPlatforms) = preSolution
		Debug|Any CPU = Debug|Any CPU
		Release|Any CPU = Release|Any CPU
	EndGlobalSection
	GlobalSection(ProjectConfigurationPlatforms) = postSolution
		{2648F20D-5E11-4D0D-82F9-95E9BCC54BBD}.Debug|Any CPU.ActiveCfg = Debug|Any CPU
		{2648F20D-5E11-4D0D-82F9-95E9BCC54BBD}.Debug|Any CPU.Build.0 = Debug|Any CPU
		{2648F20D-5E11-4D0D-82F9-95E9BCC54BBD}.Release|Any CPU.ActiveCfg = Release|Any CPU
		{2648F20D-5E11-4D0D-82F9-95E9BCC54BBD}.Release|Any CPU.Build.0 = Release|Any CPU
	EndGlobalSection
	GlobalSection(SolutionProperties) = preSolution
		HideSolutionNode = FALSE
	EndGlobalSection
	GlobalSection(ExtensibilityGlobals) = postSolution
		SolutionGuid = {16038BA3-B1B2-40AC-BDC3-F94EC0BA1699}
	EndGlobalSection
EndGlobal
